
Microsoft Visual Studio Solution File, Format Version 12.00
# Visual Studio 2012
Project("{FAE04EC0-301F-11D3-BF4B-00C04F79EFBC}") = "bicikliszerviz", "bicikliszerviz.csproj", "{5A2D1E0D-A7B5-4E68-A7ED-C0D6C49C8590}"
EndProject
Project("{2150E333-8FDC-42A3-9474-1A3956D46DE8}") = ".nuget", ".nuget", "{F6E3DD2F-20EC-498F-B1B3-80D56407F673}"
	ProjectSection(SolutionItems) = preProject
		.nuget\NuGet.Config = .nuget\NuGet.Config
		.nuget\NuGet.exe = .nuget\NuGet.exe
		.nuget\NuGet.targets = .nuget\NuGet.targets
	EndProjectSection
EndProject
Global
	GlobalSection(SolutionConfigurationPlatforms) = preSolution
		Debug|Any CPU = Debug|Any CPU
		Release|Any CPU = Release|Any CPU
	EndGlobalSection
	GlobalSection(ProjectConfigurationPlatforms) = postSolution
		{5A2D1E0D-A7B5-4E68-A7ED-C0D6C49C8590}.Debug|Any CPU.ActiveCfg = Debug|Any CPU
		{5A2D1E0D-A7B5-4E68-A7ED-C0D6C49C8590}.Debug|Any CPU.Build.0 = Debug|Any CPU
		{5A2D1E0D-A7B5-4E68-A7ED-C0D6C49C8590}.Release|Any CPU.ActiveCfg = Release|Any CPU
		{5A2D1E0D-A7B5-4E68-A7ED-C0D6C49C8590}.Release|Any CPU.Build.0 = Release|Any CPU
	EndGlobalSection
	GlobalSection(SolutionProperties) = preSolution
		HideSolutionNode = FALSE
	EndGlobalSection
EndGlobal
